// !$*UTF8*$!
{
	archiveVersion = 1;
	classes = {
	};
	objectVersion = 50;
	objects = {

/* Begin PBXBuildFile section */
		DA02C8FA2105F0BA00AEBD71 /* StatsMessageViewModel.swift in Sources */ = {isa = PBXBuildFile; fileRef = DA02C8F92105F0BA00AEBD71 /* StatsMessageViewModel.swift */; };
		DA02C8FC2105F1C000AEBD71 /* StatsLoadingViewModel.swift in Sources */ = {isa = PBXBuildFile; fileRef = DA02C8FB2105F1C000AEBD71 /* StatsLoadingViewModel.swift */; };
		DA07BB6920FE28180042175F /* HistogramView.swift in Sources */ = {isa = PBXBuildFile; fileRef = DA07BB6820FE28180042175F /* HistogramView.swift */; };
		DA48D1B82101B0C800B909B0 /* HistogramMonthBackgroundView.swift in Sources */ = {isa = PBXBuildFile; fileRef = DA48D1B72101B0C800B909B0 /* HistogramMonthBackgroundView.swift */; };
		DA4F5D8C20FCD53B00D3AA4A /* StatsContentView.swift in Sources */ = {isa = PBXBuildFile; fileRef = DA4F5D8B20FCD53B00D3AA4A /* StatsContentView.swift */; };
		DA4F5D8E20FCDFAD00D3AA4A /* LoadingView.swift in Sources */ = {isa = PBXBuildFile; fileRef = DA4F5D8D20FCDFAD00D3AA4A /* LoadingView.swift */; };
		DA536F512107067200F1E106 /* CreateInteractor.swift in Sources */ = {isa = PBXBuildFile; fileRef = DA536F502107067200F1E106 /* CreateInteractor.swift */; };
		DA536F532107067900F1E106 /* CreatePresenter.swift in Sources */ = {isa = PBXBuildFile; fileRef = DA536F522107067900F1E106 /* CreatePresenter.swift */; };
		DA536F552107068100F1E106 /* CreateView.swift in Sources */ = {isa = PBXBuildFile; fileRef = DA536F542107068100F1E106 /* CreateView.swift */; };
		DA5758B6210706A5007FB777 /* CreateContentView.swift in Sources */ = {isa = PBXBuildFile; fileRef = DA5758B5210706A5007FB777 /* CreateContentView.swift */; };
		DA8A8F1420FF1030002EEFAE /* HistogramBackgroundView.swift in Sources */ = {isa = PBXBuildFile; fileRef = DA8A8F1320FF1030002EEFAE /* HistogramBackgroundView.swift */; };
		DA8A8F1720FF198D002EEFAE /* YearsView.swift in Sources */ = {isa = PBXBuildFile; fileRef = DA8A8F1620FF198D002EEFAE /* YearsView.swift */; };
		DA8A8F1920FF19A6002EEFAE /* YearsCellView.swift in Sources */ = {isa = PBXBuildFile; fileRef = DA8A8F1820FF19A6002EEFAE /* YearsCellView.swift */; };
		DA8A8F1B20FF2715002EEFAE /* StatsItem.swift in Sources */ = {isa = PBXBuildFile; fileRef = DA8A8F1A20FF2715002EEFAE /* StatsItem.swift */; };
		DA8A8F1F20FF27E6002EEFAE /* StatsItemMonth.swift in Sources */ = {isa = PBXBuildFile; fileRef = DA8A8F1E20FF27E6002EEFAE /* StatsItemMonth.swift */; };
		DA8A8F2120FF2D68002EEFAE /* StatsTitleView.swift in Sources */ = {isa = PBXBuildFile; fileRef = DA8A8F2020FF2D68002EEFAE /* StatsTitleView.swift */; };
		DA8FD9EB21070F8E00DBA125 /* CreateContentViewModel.swift in Sources */ = {isa = PBXBuildFile; fileRef = DA8FD9EA21070F8E00DBA125 /* CreateContentViewModel.swift */; };
		DA8FD9ED210711A700DBA125 /* CreateFieldView.swift in Sources */ = {isa = PBXBuildFile; fileRef = DA8FD9EC210711A700DBA125 /* CreateFieldView.swift */; };
		DA9784182101CCA50090A086 /* brand.xcassets in Resources */ = {isa = PBXBuildFile; fileRef = DACEB85920F6484D0018DE79 /* brand.xcassets */; };
		DAA00E2D20F48ADD009386CE /* StatsMetricsViewModel.swift in Sources */ = {isa = PBXBuildFile; fileRef = DAA00E2C20F48ADD009386CE /* StatsMetricsViewModel.swift */; };
		DAC0C9FE20FF3E0E00B5E98B /* StatsMonthsViewModel.swift in Sources */ = {isa = PBXBuildFile; fileRef = DAC0C9FD20FF3E0E00B5E98B /* StatsMonthsViewModel.swift */; };
		DAC0CA1220FF6F4900B5E98B /* StatsDetailView.swift in Sources */ = {isa = PBXBuildFile; fileRef = DAC0CA1120FF6F4900B5E98B /* StatsDetailView.swift */; };
		DAC0CA1420FF73E600B5E98B /* HistogramIndicatorView.swift in Sources */ = {isa = PBXBuildFile; fileRef = DAC0CA1320FF73E600B5E98B /* HistogramIndicatorView.swift */; };
		DAC6C3F5210097CE00DC5B77 /* StatsContentViewModel.swift in Sources */ = {isa = PBXBuildFile; fileRef = DAC6C3F4210097CE00DC5B77 /* StatsContentViewModel.swift */; };
		DAC6C3F721009C7200DC5B77 /* StatsMessageView.swift in Sources */ = {isa = PBXBuildFile; fileRef = DAC6C3F621009C7200DC5B77 /* StatsMessageView.swift */; };
		DAC6C3F921009E0E00DC5B77 /* StatsMetricsView.swift in Sources */ = {isa = PBXBuildFile; fileRef = DAC6C3F821009E0E00DC5B77 /* StatsMetricsView.swift */; };
		DAC6C3FD2100A02E00DC5B77 /* StatsCollectionView.swift in Sources */ = {isa = PBXBuildFile; fileRef = DAC6C3FC2100A02E00DC5B77 /* StatsCollectionView.swift */; };
		DAC6C3FF2100A21800DC5B77 /* StatsView.swift in Sources */ = {isa = PBXBuildFile; fileRef = DAC6C3FE2100A21800DC5B77 /* StatsView.swift */; };
		DAC6C4022100A3D000DC5B77 /* StatsMetricsTouchView.swift in Sources */ = {isa = PBXBuildFile; fileRef = DAC6C4012100A3D000DC5B77 /* StatsMetricsTouchView.swift */; };
		DAC6C4042100AA5400DC5B77 /* StatsSynchView.swift in Sources */ = {isa = PBXBuildFile; fileRef = DAC6C4032100AA5400DC5B77 /* StatsSynchView.swift */; };
		DAC82FDE2105A5D500495233 /* UIColor+Shared.swift in Sources */ = {isa = PBXBuildFile; fileRef = DAC82FDD2105A5D500495233 /* UIColor+Shared.swift */; };
		DAC82FE02105AD3700495233 /* StatsStateProtocol.swift in Sources */ = {isa = PBXBuildFile; fileRef = DAC82FDF2105AD3700495233 /* StatsStateProtocol.swift */; };
		DAC82FE22105AD4900495233 /* StatsStateReady.swift in Sources */ = {isa = PBXBuildFile; fileRef = DAC82FE12105AD4900495233 /* StatsStateReady.swift */; };
		DAC82FE42105AD5200495233 /* StatsStateLoading.swift in Sources */ = {isa = PBXBuildFile; fileRef = DAC82FE32105AD5200495233 /* StatsStateLoading.swift */; };
		DAC82FE62105AD5B00495233 /* StatsStateError.swift in Sources */ = {isa = PBXBuildFile; fileRef = DAC82FE52105AD5B00495233 /* StatsStateError.swift */; };
		DAC82FE82105B15200495233 /* StatsStateNeedsSync.swift in Sources */ = {isa = PBXBuildFile; fileRef = DAC82FE72105B15200495233 /* StatsStateNeedsSync.swift */; };
		DAD6F4A920FE33E100548A2D /* HistogramMonthView.swift in Sources */ = {isa = PBXBuildFile; fileRef = DAD6F4A820FE33E100548A2D /* HistogramMonthView.swift */; };
		DAD88E6420FDEABA0059F447 /* StatsAmountView.swift in Sources */ = {isa = PBXBuildFile; fileRef = DAD88E6320FDEABA0059F447 /* StatsAmountView.swift */; };
		DAE4860420F47060003BF78A /* Localizable.strings in Resources */ = {isa = PBXBuildFile; fileRef = DAE485E820F47060003BF78A /* Localizable.strings */; };
		DAE4860520F47060003BF78A /* LaunchScreen.storyboard in Resources */ = {isa = PBXBuildFile; fileRef = DAE485EA20F47060003BF78A /* LaunchScreen.storyboard */; };
		DAE4860720F47060003BF78A /* UsersViewModel.swift in Sources */ = {isa = PBXBuildFile; fileRef = DAE485EE20F47060003BF78A /* UsersViewModel.swift */; };
		DAE4860B20F47060003BF78A /* UsersPresenter.swift in Sources */ = {isa = PBXBuildFile; fileRef = DAE485F420F47060003BF78A /* UsersPresenter.swift */; };
		DAE4860C20F47060003BF78A /* StatsPresenter.swift in Sources */ = {isa = PBXBuildFile; fileRef = DAE485F520F47060003BF78A /* StatsPresenter.swift */; };
		DAE4860E20F47060003BF78A /* UsersView.swift in Sources */ = {isa = PBXBuildFile; fileRef = DAE485F820F47060003BF78A /* UsersView.swift */; };
		DAE4861020F47060003BF78A /* UsersCellView.swift in Sources */ = {isa = PBXBuildFile; fileRef = DAE485FA20F47060003BF78A /* UsersCellView.swift */; };
		DAE4861120F47060003BF78A /* StatsParentView.swift in Sources */ = {isa = PBXBuildFile; fileRef = DAE485FB20F47060003BF78A /* StatsParentView.swift */; };
		DAE4861420F47060003BF78A /* Application.swift in Sources */ = {isa = PBXBuildFile; fileRef = DAE485FF20F47060003BF78A /* Application.swift */; };
		DAE4861520F47060003BF78A /* StatsInteractor.swift in Sources */ = {isa = PBXBuildFile; fileRef = DAE4860120F47060003BF78A /* StatsInteractor.swift */; };
		DAE4861620F47060003BF78A /* UsersInteractor.swift in Sources */ = {isa = PBXBuildFile; fileRef = DAE4860220F47060003BF78A /* UsersInteractor.swift */; };
		DAE9E93A20F7918300B5492C /* Pyro.framework in Embed Frameworks */ = {isa = PBXBuildFile; fileRef = DAE9E93720F7918100B5492C /* Pyro.framework */; settings = {ATTRIBUTES = (CodeSignOnCopy, RemoveHeadersOnCopy, ); }; };
		DAE9E93C20F7918900B5492C /* Pods_Application.framework in Frameworks */ = {isa = PBXBuildFile; fileRef = DAE9E93B20F7918900B5492C /* Pods_Application.framework */; };
		DAF0E0C320FA1F4F0010C121 /* DeleteView.swift in Sources */ = {isa = PBXBuildFile; fileRef = DAF0E0C220FA1F4F0010C121 /* DeleteView.swift */; };
		DAFD36B521076FBC00C52721 /* assets.xcassets in Resources */ = {isa = PBXBuildFile; fileRef = DAFD36B421076FBC00C52721 /* assets.xcassets */; };
/* End PBXBuildFile section */

/* Begin PBXCopyFilesBuildPhase section */
		DAE4862D20F47214003BF78A /* Embed Frameworks */ = {
			isa = PBXCopyFilesBuildPhase;
			buildActionMask = 2147483647;
			dstPath = "";
			dstSubfolderSpec = 10;
			files = (
				DAE9E93A20F7918300B5492C /* Pyro.framework in Embed Frameworks */,
			);
			name = "Embed Frameworks";
			runOnlyForDeploymentPostprocessing = 0;
		};
/* End PBXCopyFilesBuildPhase section */

/* Begin PBXFileReference section */
		CDAA37ACCC504D84A06FF955 /* Pods-Application.debug.xcconfig */ = {isa = PBXFileReference; includeInIndex = 1; lastKnownFileType = text.xcconfig; name = "Pods-Application.debug.xcconfig"; path = "../Pods/Target Support Files/Pods-Application/Pods-Application.debug.xcconfig"; sourceTree = "<group>"; };
		CE51436FB12A4F09707B5BEC /* Pods-Application.release.xcconfig */ = {isa = PBXFileReference; includeInIndex = 1; lastKnownFileType = text.xcconfig; name = "Pods-Application.release.xcconfig"; path = "../Pods/Target Support Files/Pods-Application/Pods-Application.release.xcconfig"; sourceTree = "<group>"; };
		DA02C8F92105F0BA00AEBD71 /* StatsMessageViewModel.swift */ = {isa = PBXFileReference; lastKnownFileType = sourcecode.swift; path = StatsMessageViewModel.swift; sourceTree = "<group>"; };
		DA02C8FB2105F1C000AEBD71 /* StatsLoadingViewModel.swift */ = {isa = PBXFileReference; lastKnownFileType = sourcecode.swift; path = StatsLoadingViewModel.swift; sourceTree = "<group>"; };
		DA07BB6820FE28180042175F /* HistogramView.swift */ = {isa = PBXFileReference; lastKnownFileType = sourcecode.swift; path = HistogramView.swift; sourceTree = "<group>"; };
		DA48D1B72101B0C800B909B0 /* HistogramMonthBackgroundView.swift */ = {isa = PBXFileReference; lastKnownFileType = sourcecode.swift; path = HistogramMonthBackgroundView.swift; sourceTree = "<group>"; };
		DA4F5D8B20FCD53B00D3AA4A /* StatsContentView.swift */ = {isa = PBXFileReference; lastKnownFileType = sourcecode.swift; path = StatsContentView.swift; sourceTree = "<group>"; };
		DA4F5D8D20FCDFAD00D3AA4A /* LoadingView.swift */ = {isa = PBXFileReference; lastKnownFileType = sourcecode.swift; path = LoadingView.swift; sourceTree = "<group>"; };
		DA536F502107067200F1E106 /* CreateInteractor.swift */ = {isa = PBXFileReference; lastKnownFileType = sourcecode.swift; path = CreateInteractor.swift; sourceTree = "<group>"; };
		DA536F522107067900F1E106 /* CreatePresenter.swift */ = {isa = PBXFileReference; lastKnownFileType = sourcecode.swift; path = CreatePresenter.swift; sourceTree = "<group>"; };
		DA536F542107068100F1E106 /* CreateView.swift */ = {isa = PBXFileReference; lastKnownFileType = sourcecode.swift; path = CreateView.swift; sourceTree = "<group>"; };
		DA5758B5210706A5007FB777 /* CreateContentView.swift */ = {isa = PBXFileReference; fileEncoding = 4; lastKnownFileType = sourcecode.swift; path = CreateContentView.swift; sourceTree = "<group>"; };
		DA5915D820F46D1E00B6AEDC /* Application.app */ = {isa = PBXFileReference; explicitFileType = wrapper.application; includeInIndex = 0; path = Application.app; sourceTree = BUILT_PRODUCTS_DIR; };
		DA8A8F1320FF1030002EEFAE /* HistogramBackgroundView.swift */ = {isa = PBXFileReference; lastKnownFileType = sourcecode.swift; path = HistogramBackgroundView.swift; sourceTree = "<group>"; };
		DA8A8F1620FF198D002EEFAE /* YearsView.swift */ = {isa = PBXFileReference; lastKnownFileType = sourcecode.swift; path = YearsView.swift; sourceTree = "<group>"; };
		DA8A8F1820FF19A6002EEFAE /* YearsCellView.swift */ = {isa = PBXFileReference; lastKnownFileType = sourcecode.swift; path = YearsCellView.swift; sourceTree = "<group>"; };
		DA8A8F1A20FF2715002EEFAE /* StatsItem.swift */ = {isa = PBXFileReference; lastKnownFileType = sourcecode.swift; path = StatsItem.swift; sourceTree = "<group>"; };
		DA8A8F1E20FF27E6002EEFAE /* StatsItemMonth.swift */ = {isa = PBXFileReference; lastKnownFileType = sourcecode.swift; path = StatsItemMonth.swift; sourceTree = "<group>"; };
		DA8A8F2020FF2D68002EEFAE /* StatsTitleView.swift */ = {isa = PBXFileReference; lastKnownFileType = sourcecode.swift; path = StatsTitleView.swift; sourceTree = "<group>"; };
		DA8FD9EA21070F8E00DBA125 /* CreateContentViewModel.swift */ = {isa = PBXFileReference; lastKnownFileType = sourcecode.swift; path = CreateContentViewModel.swift; sourceTree = "<group>"; };
		DA8FD9EC210711A700DBA125 /* CreateFieldView.swift */ = {isa = PBXFileReference; lastKnownFileType = sourcecode.swift; path = CreateFieldView.swift; sourceTree = "<group>"; };
		DAA00E2C20F48ADD009386CE /* StatsMetricsViewModel.swift */ = {isa = PBXFileReference; lastKnownFileType = sourcecode.swift; path = StatsMetricsViewModel.swift; sourceTree = "<group>"; };
		DAC0C9FD20FF3E0E00B5E98B /* StatsMonthsViewModel.swift */ = {isa = PBXFileReference; lastKnownFileType = sourcecode.swift; path = StatsMonthsViewModel.swift; sourceTree = "<group>"; };
		DAC0CA1120FF6F4900B5E98B /* StatsDetailView.swift */ = {isa = PBXFileReference; lastKnownFileType = sourcecode.swift; path = StatsDetailView.swift; sourceTree = "<group>"; };
		DAC0CA1320FF73E600B5E98B /* HistogramIndicatorView.swift */ = {isa = PBXFileReference; lastKnownFileType = sourcecode.swift; path = HistogramIndicatorView.swift; sourceTree = "<group>"; };
		DAC6C3F4210097CE00DC5B77 /* StatsContentViewModel.swift */ = {isa = PBXFileReference; lastKnownFileType = sourcecode.swift; path = StatsContentViewModel.swift; sourceTree = "<group>"; };
		DAC6C3F621009C7200DC5B77 /* StatsMessageView.swift */ = {isa = PBXFileReference; lastKnownFileType = sourcecode.swift; path = StatsMessageView.swift; sourceTree = "<group>"; };
		DAC6C3F821009E0E00DC5B77 /* StatsMetricsView.swift */ = {isa = PBXFileReference; lastKnownFileType = sourcecode.swift; path = StatsMetricsView.swift; sourceTree = "<group>"; };
		DAC6C3FC2100A02E00DC5B77 /* StatsCollectionView.swift */ = {isa = PBXFileReference; lastKnownFileType = sourcecode.swift; path = StatsCollectionView.swift; sourceTree = "<group>"; };
		DAC6C3FE2100A21800DC5B77 /* StatsView.swift */ = {isa = PBXFileReference; lastKnownFileType = sourcecode.swift; path = StatsView.swift; sourceTree = "<group>"; };
		DAC6C4012100A3D000DC5B77 /* StatsMetricsTouchView.swift */ = {isa = PBXFileReference; lastKnownFileType = sourcecode.swift; path = StatsMetricsTouchView.swift; sourceTree = "<group>"; };
		DAC6C4032100AA5400DC5B77 /* StatsSynchView.swift */ = {isa = PBXFileReference; lastKnownFileType = sourcecode.swift; path = StatsSynchView.swift; sourceTree = "<group>"; };
		DAC82FDD2105A5D500495233 /* UIColor+Shared.swift */ = {isa = PBXFileReference; lastKnownFileType = sourcecode.swift; path = "UIColor+Shared.swift"; sourceTree = "<group>"; };
		DAC82FDF2105AD3700495233 /* StatsStateProtocol.swift */ = {isa = PBXFileReference; lastKnownFileType = sourcecode.swift; path = StatsStateProtocol.swift; sourceTree = "<group>"; };
		DAC82FE12105AD4900495233 /* StatsStateReady.swift */ = {isa = PBXFileReference; lastKnownFileType = sourcecode.swift; path = StatsStateReady.swift; sourceTree = "<group>"; };
		DAC82FE32105AD5200495233 /* StatsStateLoading.swift */ = {isa = PBXFileReference; lastKnownFileType = sourcecode.swift; path = StatsStateLoading.swift; sourceTree = "<group>"; };
		DAC82FE52105AD5B00495233 /* StatsStateError.swift */ = {isa = PBXFileReference; lastKnownFileType = sourcecode.swift; path = StatsStateError.swift; sourceTree = "<group>"; };
		DAC82FE72105B15200495233 /* StatsStateNeedsSync.swift */ = {isa = PBXFileReference; lastKnownFileType = sourcecode.swift; path = StatsStateNeedsSync.swift; sourceTree = "<group>"; };
		DACEB85920F6484D0018DE79 /* brand.xcassets */ = {isa = PBXFileReference; lastKnownFileType = folder.assetcatalog; path = brand.xcassets; sourceTree = "<group>"; };
		DAD6F4A820FE33E100548A2D /* HistogramMonthView.swift */ = {isa = PBXFileReference; lastKnownFileType = sourcecode.swift; path = HistogramMonthView.swift; sourceTree = "<group>"; };
		DAD88E6320FDEABA0059F447 /* StatsAmountView.swift */ = {isa = PBXFileReference; lastKnownFileType = sourcecode.swift; path = StatsAmountView.swift; sourceTree = "<group>"; };
		DAE485E620F47056003BF78A /* Configuration */ = {isa = PBXFileReference; lastKnownFileType = folder; path = Configuration; sourceTree = "<group>"; };
		DAE485E920F47060003BF78A /* en */ = {isa = PBXFileReference; lastKnownFileType = text.plist.strings; name = en; path = en.lproj/Localizable.strings; sourceTree = "<group>"; };
		DAE485EA20F47060003BF78A /* LaunchScreen.storyboard */ = {isa = PBXFileReference; fileEncoding = 4; lastKnownFileType = file.storyboard; path = LaunchScreen.storyboard; sourceTree = "<group>"; };
		DAE485EE20F47060003BF78A /* UsersViewModel.swift */ = {isa = PBXFileReference; fileEncoding = 4; lastKnownFileType = sourcecode.swift; path = UsersViewModel.swift; sourceTree = "<group>"; };
		DAE485F420F47060003BF78A /* UsersPresenter.swift */ = {isa = PBXFileReference; fileEncoding = 4; lastKnownFileType = sourcecode.swift; path = UsersPresenter.swift; sourceTree = "<group>"; };
		DAE485F520F47060003BF78A /* StatsPresenter.swift */ = {isa = PBXFileReference; fileEncoding = 4; lastKnownFileType = sourcecode.swift; path = StatsPresenter.swift; sourceTree = "<group>"; };
		DAE485F820F47060003BF78A /* UsersView.swift */ = {isa = PBXFileReference; fileEncoding = 4; lastKnownFileType = sourcecode.swift; path = UsersView.swift; sourceTree = "<group>"; };
		DAE485FA20F47060003BF78A /* UsersCellView.swift */ = {isa = PBXFileReference; fileEncoding = 4; lastKnownFileType = sourcecode.swift; path = UsersCellView.swift; sourceTree = "<group>"; };
		DAE485FB20F47060003BF78A /* StatsParentView.swift */ = {isa = PBXFileReference; fileEncoding = 4; lastKnownFileType = sourcecode.swift; path = StatsParentView.swift; sourceTree = "<group>"; };
		DAE485FF20F47060003BF78A /* Application.swift */ = {isa = PBXFileReference; fileEncoding = 4; lastKnownFileType = sourcecode.swift; path = Application.swift; sourceTree = "<group>"; };
		DAE4860120F47060003BF78A /* StatsInteractor.swift */ = {isa = PBXFileReference; fileEncoding = 4; lastKnownFileType = sourcecode.swift; path = StatsInteractor.swift; sourceTree = "<group>"; };
		DAE4860220F47060003BF78A /* UsersInteractor.swift */ = {isa = PBXFileReference; fileEncoding = 4; lastKnownFileType = sourcecode.swift; path = UsersInteractor.swift; sourceTree = "<group>"; };
		DAE9E93720F7918100B5492C /* Pyro.framework */ = {isa = PBXFileReference; explicitFileType = wrapper.framework; path = Pyro.framework; sourceTree = BUILT_PRODUCTS_DIR; };
		DAE9E93B20F7918900B5492C /* Pods_Application.framework */ = {isa = PBXFileReference; explicitFileType = wrapper.framework; path = Pods_Application.framework; sourceTree = BUILT_PRODUCTS_DIR; };
		DAF0E0C220FA1F4F0010C121 /* DeleteView.swift */ = {isa = PBXFileReference; lastKnownFileType = sourcecode.swift; path = DeleteView.swift; sourceTree = "<group>"; };
		DAFD36B421076FBC00C52721 /* assets.xcassets */ = {isa = PBXFileReference; lastKnownFileType = folder.assetcatalog; path = assets.xcassets; sourceTree = "<group>"; };
/* End PBXFileReference section */

/* Begin PBXFrameworksBuildPhase section */
		DA5915D520F46D1E00B6AEDC /* Frameworks */ = {
			isa = PBXFrameworksBuildPhase;
			buildActionMask = 2147483647;
			files = (
				DAE9E93C20F7918900B5492C /* Pods_Application.framework in Frameworks */,
			);
			runOnlyForDeploymentPostprocessing = 0;
		};
/* End PBXFrameworksBuildPhase section */

/* Begin PBXGroup section */
		0AD6F0B7549AECC6A1E43EE4 /* Frameworks */ = {
			isa = PBXGroup;
			children = (
				DAE9E93B20F7918900B5492C /* Pods_Application.framework */,
				DAE9E93720F7918100B5492C /* Pyro.framework */,
			);
			name = Frameworks;
			sourceTree = "<group>";
		};
		96FAC0B3DA6053CABBD154CA /* Pods */ = {
			isa = PBXGroup;
			children = (
				CDAA37ACCC504D84A06FF955 /* Pods-Application.debug.xcconfig */,
				CE51436FB12A4F09707B5BEC /* Pods-Application.release.xcconfig */,
			);
			name = Pods;
			sourceTree = "<group>";
		};
		DA02C8FD2105F20200AEBD71 /* StatsViewModel */ = {
			isa = PBXGroup;
			children = (
				DAC6C3F4210097CE00DC5B77 /* StatsContentViewModel.swift */,
				DA02C8F92105F0BA00AEBD71 /* StatsMessageViewModel.swift */,
				DAA00E2C20F48ADD009386CE /* StatsMetricsViewModel.swift */,
				DAC0C9FD20FF3E0E00B5E98B /* StatsMonthsViewModel.swift */,
				DA02C8FB2105F1C000AEBD71 /* StatsLoadingViewModel.swift */,
			);
			path = StatsViewModel;
			sourceTree = "<group>";
		};
		DA02C8FE2105F3F200AEBD71 /* StatsState */ = {
			isa = PBXGroup;
			children = (
				DAC82FDF2105AD3700495233 /* StatsStateProtocol.swift */,
				DAC82FE72105B15200495233 /* StatsStateNeedsSync.swift */,
				DAC82FE12105AD4900495233 /* StatsStateReady.swift */,
				DAC82FE32105AD5200495233 /* StatsStateLoading.swift */,
				DAC82FE52105AD5B00495233 /* StatsStateError.swift */,
			);
			path = StatsState;
			sourceTree = "<group>";
		};
		DA07BB6A20FE290B0042175F /* Users */ = {
			isa = PBXGroup;
			children = (
				DAE4860220F47060003BF78A /* UsersInteractor.swift */,
				DAE485F420F47060003BF78A /* UsersPresenter.swift */,
				DAE485EE20F47060003BF78A /* UsersViewModel.swift */,
				DAE485F820F47060003BF78A /* UsersView.swift */,
				DAE485FA20F47060003BF78A /* UsersCellView.swift */,
			);
			path = Users;
			sourceTree = "<group>";
		};
		DA07BB6B20FE29100042175F /* Stats */ = {
			isa = PBXGroup;
			children = (
				DAE4860120F47060003BF78A /* StatsInteractor.swift */,
				DAE485F520F47060003BF78A /* StatsPresenter.swift */,
				DA8A8F1A20FF2715002EEFAE /* StatsItem.swift */,
				DA8A8F1E20FF27E6002EEFAE /* StatsItemMonth.swift */,
			);
			path = Stats;
			sourceTree = "<group>";
		};
		DA536F4D2107062400F1E106 /* Create */ = {
			isa = PBXGroup;
			children = (
				DA536F502107067200F1E106 /* CreateInteractor.swift */,
				DA536F522107067900F1E106 /* CreatePresenter.swift */,
				DA8FD9EA21070F8E00DBA125 /* CreateContentViewModel.swift */,
				DA536F542107068100F1E106 /* CreateView.swift */,
				DA5758B5210706A5007FB777 /* CreateContentView.swift */,
				DA8FD9EC210711A700DBA125 /* CreateFieldView.swift */,
			);
			path = Create;
			sourceTree = "<group>";
		};
		DA5915CF20F46D1E00B6AEDC = {
			isa = PBXGroup;
			children = (
				DAE485EC20F47060003BF78A /* Source */,
				DAE4860320F47060003BF78A /* Assets */,
				DAE485E720F47060003BF78A /* Resources */,
				DA5915D920F46D1E00B6AEDC /* Products */,
				96FAC0B3DA6053CABBD154CA /* Pods */,
				0AD6F0B7549AECC6A1E43EE4 /* Frameworks */,
				DAE485E620F47056003BF78A /* Configuration */,
			);
			sourceTree = "<group>";
		};
		DA5915D920F46D1E00B6AEDC /* Products */ = {
			isa = PBXGroup;
			children = (
				DA5915D820F46D1E00B6AEDC /* Application.app */,
			);
			name = Products;
			sourceTree = "<group>";
		};
		DA8A8F1520FF1977002EEFAE /* Years */ = {
			isa = PBXGroup;
			children = (
				DA8A8F1620FF198D002EEFAE /* YearsView.swift */,
				DA8A8F1820FF19A6002EEFAE /* YearsCellView.swift */,
			);
			path = Years;
			sourceTree = "<group>";
		};
		DAC6C4002100A27800DC5B77 /* StatsView */ = {
			isa = PBXGroup;
			children = (
				DAC6C3FE2100A21800DC5B77 /* StatsView.swift */,
				DAC6C3FC2100A02E00DC5B77 /* StatsCollectionView.swift */,
				DAE485FB20F47060003BF78A /* StatsParentView.swift */,
				DA4F5D8B20FCD53B00D3AA4A /* StatsContentView.swift */,
				DAC6C4012100A3D000DC5B77 /* StatsMetricsTouchView.swift */,
				DAC6C3F821009E0E00DC5B77 /* StatsMetricsView.swift */,
				DAC6C3F621009C7200DC5B77 /* StatsMessageView.swift */,
				DAD88E6320FDEABA0059F447 /* StatsAmountView.swift */,
				DA8A8F2020FF2D68002EEFAE /* StatsTitleView.swift */,
				DAC6C4032100AA5400DC5B77 /* StatsSynchView.swift */,
				DAC0CA1120FF6F4900B5E98B /* StatsDetailView.swift */,
			);
			path = StatsView;
			sourceTree = "<group>";
		};
		DAD6F4AA20FE33EA00548A2D /* Histogram */ = {
			isa = PBXGroup;
			children = (
				DA07BB6820FE28180042175F /* HistogramView.swift */,
				DA8A8F1320FF1030002EEFAE /* HistogramBackgroundView.swift */,
				DAD6F4A820FE33E100548A2D /* HistogramMonthView.swift */,
				DA48D1B72101B0C800B909B0 /* HistogramMonthBackgroundView.swift */,
				DAC0CA1320FF73E600B5E98B /* HistogramIndicatorView.swift */,
			);
			path = Histogram;
			sourceTree = "<group>";
		};
		DAE485E720F47060003BF78A /* Resources */ = {
			isa = PBXGroup;
			children = (
				DAE485E820F47060003BF78A /* Localizable.strings */,
				DAE485EA20F47060003BF78A /* LaunchScreen.storyboard */,
			);
			path = Resources;
			sourceTree = "<group>";
		};
		DAE485EC20F47060003BF78A /* Source */ = {
			isa = PBXGroup;
			children = (
				DA07BB6A20FE290B0042175F /* Users */,
				DA536F4D2107062400F1E106 /* Create */,
				DA07BB6B20FE29100042175F /* Stats */,
				DA02C8FE2105F3F200AEBD71 /* StatsState */,
				DA02C8FD2105F20200AEBD71 /* StatsViewModel */,
				DAC6C4002100A27800DC5B77 /* StatsView */,
				DA8A8F1520FF1977002EEFAE /* Years */,
				DAD6F4AA20FE33EA00548A2D /* Histogram */,
				DAE485F620F47060003BF78A /* Shared */,
			);
			path = Source;
			sourceTree = "<group>";
		};
		DAE485F620F47060003BF78A /* Shared */ = {
			isa = PBXGroup;
			children = (
				DAE485FF20F47060003BF78A /* Application.swift */,
				DAF0E0C220FA1F4F0010C121 /* DeleteView.swift */,
				DA4F5D8D20FCDFAD00D3AA4A /* LoadingView.swift */,
				DAC82FDD2105A5D500495233 /* UIColor+Shared.swift */,
			);
			path = Shared;
			sourceTree = "<group>";
		};
		DAE4860320F47060003BF78A /* Assets */ = {
			isa = PBXGroup;
			children = (
				DACEB85920F6484D0018DE79 /* brand.xcassets */,
				DAFD36B421076FBC00C52721 /* assets.xcassets */,
			);
			path = Assets;
			sourceTree = "<group>";
		};
/* End PBXGroup section */

/* Begin PBXNativeTarget section */
		DA5915D720F46D1E00B6AEDC /* Application */ = {
			isa = PBXNativeTarget;
			buildConfigurationList = DA5915EA20F46D1F00B6AEDC /* Build configuration list for PBXNativeTarget "Application" */;
			buildPhases = (
				6A9A9E31300E78A85700F7EE /* [CP] Check Pods Manifest.lock */,
				DA5915D420F46D1E00B6AEDC /* Sources */,
				DA5915D520F46D1E00B6AEDC /* Frameworks */,
				DA5915D620F46D1E00B6AEDC /* Resources */,
				DAE4862D20F47214003BF78A /* Embed Frameworks */,
				8C51394B7484E984B88696E5 /* [CP] Embed Pods Frameworks */,
			);
			buildRules = (
			);
			dependencies = (
			);
			name = Application;
			productName = Application;
			productReference = DA5915D820F46D1E00B6AEDC /* Application.app */;
			productType = "com.apple.product-type.application";
		};
/* End PBXNativeTarget section */

/* Begin PBXProject section */
		DA5915D020F46D1E00B6AEDC /* Project object */ = {
			isa = PBXProject;
			attributes = {
				LastSwiftUpdateCheck = 1000;
				LastUpgradeCheck = 1000;
				ORGANIZATIONNAME = iturbide;
				TargetAttributes = {
					DA5915D720F46D1E00B6AEDC = {
						CreatedOnToolsVersion = 10.0;
					};
				};
			};
			buildConfigurationList = DA5915D320F46D1E00B6AEDC /* Build configuration list for PBXProject "Application" */;
			compatibilityVersion = "Xcode 9.3";
			developmentRegion = en;
			hasScannedForEncodings = 0;
			knownRegions = (
				en,
				Base,
			);
			mainGroup = DA5915CF20F46D1E00B6AEDC;
			productRefGroup = DA5915D920F46D1E00B6AEDC /* Products */;
			projectDirPath = "";
			projectRoot = "";
			targets = (
				DA5915D720F46D1E00B6AEDC /* Application */,
			);
		};
/* End PBXProject section */

/* Begin PBXResourcesBuildPhase section */
		DA5915D620F46D1E00B6AEDC /* Resources */ = {
			isa = PBXResourcesBuildPhase;
			buildActionMask = 2147483647;
			files = (
				DAE4860420F47060003BF78A /* Localizable.strings in Resources */,
				DAE4860520F47060003BF78A /* LaunchScreen.storyboard in Resources */,
				DAFD36B521076FBC00C52721 /* assets.xcassets in Resources */,
				DA9784182101CCA50090A086 /* brand.xcassets in Resources */,
			);
			runOnlyForDeploymentPostprocessing = 0;
		};
/* End PBXResourcesBuildPhase section */

/* Begin PBXShellScriptBuildPhase section */
		6A9A9E31300E78A85700F7EE /* [CP] Check Pods Manifest.lock */ = {
			isa = PBXShellScriptBuildPhase;
			buildActionMask = 2147483647;
			files = (
			);
			inputPaths = (
				"${PODS_PODFILE_DIR_PATH}/Podfile.lock",
				"${PODS_ROOT}/Manifest.lock",
			);
			name = "[CP] Check Pods Manifest.lock";
			outputPaths = (
				"$(DERIVED_FILE_DIR)/Pods-Application-checkManifestLockResult.txt",
			);
			runOnlyForDeploymentPostprocessing = 0;
			shellPath = /bin/sh;
			shellScript = "diff \"${PODS_PODFILE_DIR_PATH}/Podfile.lock\" \"${PODS_ROOT}/Manifest.lock\" > /dev/null\nif [ $? != 0 ] ; then\n    # print error to STDERR\n    echo \"error: The sandbox is not in sync with the Podfile.lock. Run 'pod install' or update your CocoaPods installation.\" >&2\n    exit 1\nfi\n# This output is used by Xcode 'outputs' to avoid re-running this script phase.\necho \"SUCCESS\" > \"${SCRIPT_OUTPUT_FILE_0}\"\n";
			showEnvVarsInLog = 0;
		};
		8C51394B7484E984B88696E5 /* [CP] Embed Pods Frameworks */ = {
			isa = PBXShellScriptBuildPhase;
			buildActionMask = 2147483647;
			files = (
			);
			inputPaths = (
				"${SRCROOT}/../Pods/Target Support Files/Pods-Application/Pods-Application-frameworks.sh",
				"${BUILT_PRODUCTS_DIR}/CleanArchitecture/CleanArchitecture.framework",
			);
			name = "[CP] Embed Pods Frameworks";
			outputPaths = (
				"${TARGET_BUILD_DIR}/${FRAMEWORKS_FOLDER_PATH}/CleanArchitecture.framework",
			);
			runOnlyForDeploymentPostprocessing = 0;
			shellPath = /bin/sh;
			shellScript = "\"${SRCROOT}/../Pods/Target Support Files/Pods-Application/Pods-Application-frameworks.sh\"\n";
			showEnvVarsInLog = 0;
		};
/* End PBXShellScriptBuildPhase section */

/* Begin PBXSourcesBuildPhase section */
		DA5915D420F46D1E00B6AEDC /* Sources */ = {
			isa = PBXSourcesBuildPhase;
			buildActionMask = 2147483647;
			files = (
				DAC0CA1420FF73E600B5E98B /* HistogramIndicatorView.swift in Sources */,
				DA8A8F1420FF1030002EEFAE /* HistogramBackgroundView.swift in Sources */,
				DAE4861120F47060003BF78A /* StatsParentView.swift in Sources */,
				DA8FD9EB21070F8E00DBA125 /* CreateContentViewModel.swift in Sources */,
				DAC82FE82105B15200495233 /* StatsStateNeedsSync.swift in Sources */,
				DAC82FE62105AD5B00495233 /* StatsStateError.swift in Sources */,
				DA02C8FC2105F1C000AEBD71 /* StatsLoadingViewModel.swift in Sources */,
				DA48D1B82101B0C800B909B0 /* HistogramMonthBackgroundView.swift in Sources */,
				DA8FD9ED210711A700DBA125 /* CreateFieldView.swift in Sources */,
				DA8A8F1920FF19A6002EEFAE /* YearsCellView.swift in Sources */,
				DAC0CA1220FF6F4900B5E98B /* StatsDetailView.swift in Sources */,
				DA4F5D8E20FCDFAD00D3AA4A /* LoadingView.swift in Sources */,
				DA8A8F2120FF2D68002EEFAE /* StatsTitleView.swift in Sources */,
				DAC6C3F5210097CE00DC5B77 /* StatsContentViewModel.swift in Sources */,
				DAC6C3FD2100A02E00DC5B77 /* StatsCollectionView.swift in Sources */,
				DAD6F4A920FE33E100548A2D /* HistogramMonthView.swift in Sources */,
				DA8A8F1F20FF27E6002EEFAE /* StatsItemMonth.swift in Sources */,
				DAE4860B20F47060003BF78A /* UsersPresenter.swift in Sources */,
				DAC6C4042100AA5400DC5B77 /* StatsSynchView.swift in Sources */,
				DA536F552107068100F1E106 /* CreateView.swift in Sources */,
				DA07BB6920FE28180042175F /* HistogramView.swift in Sources */,
				DAC6C3F921009E0E00DC5B77 /* StatsMetricsView.swift in Sources */,
				DAC82FDE2105A5D500495233 /* UIColor+Shared.swift in Sources */,
				DAC82FE02105AD3700495233 /* StatsStateProtocol.swift in Sources */,
				DAF0E0C320FA1F4F0010C121 /* DeleteView.swift in Sources */,
				DAE4860720F47060003BF78A /* UsersViewModel.swift in Sources */,
				DA8A8F1720FF198D002EEFAE /* YearsView.swift in Sources */,
				DAE4861520F47060003BF78A /* StatsInteractor.swift in Sources */,
				DA536F512107067200F1E106 /* CreateInteractor.swift in Sources */,
				DAE4860C20F47060003BF78A /* StatsPresenter.swift in Sources */,
				DA5758B6210706A5007FB777 /* CreateContentView.swift in Sources */,
				DAE4861620F47060003BF78A /* UsersInteractor.swift in Sources */,
				DAE4861420F47060003BF78A /* Application.swift in Sources */,
				DAA00E2D20F48ADD009386CE /* StatsMetricsViewModel.swift in Sources */,
				DA4F5D8C20FCD53B00D3AA4A /* StatsContentView.swift in Sources */,
				DA8A8F1B20FF2715002EEFAE /* StatsItem.swift in Sources */,
				DAC0C9FE20FF3E0E00B5E98B /* StatsMonthsViewModel.swift in Sources */,
				DAE4860E20F47060003BF78A /* UsersView.swift in Sources */,
				DA02C8FA2105F0BA00AEBD71 /* StatsMessageViewModel.swift in Sources */,
				DAC82FE22105AD4900495233 /* StatsStateReady.swift in Sources */,
				DA536F532107067900F1E106 /* CreatePresenter.swift in Sources */,
				DAD88E6420FDEABA0059F447 /* StatsAmountView.swift in Sources */,
				DAC6C3FF2100A21800DC5B77 /* StatsView.swift in Sources */,
				DAC6C3F721009C7200DC5B77 /* StatsMessageView.swift in Sources */,
				DAE4861020F47060003BF78A /* UsersCellView.swift in Sources */,
				DAC82FE42105AD5200495233 /* StatsStateLoading.swift in Sources */,
				DAC6C4022100A3D000DC5B77 /* StatsMetricsTouchView.swift in Sources */,
			);
			runOnlyForDeploymentPostprocessing = 0;
		};
/* End PBXSourcesBuildPhase section */

/* Begin PBXVariantGroup section */
		DAE485E820F47060003BF78A /* Localizable.strings */ = {
			isa = PBXVariantGroup;
			children = (
				DAE485E920F47060003BF78A /* en */,
			);
			name = Localizable.strings;
			sourceTree = "<group>";
		};
/* End PBXVariantGroup section */

/* Begin XCBuildConfiguration section */
		DA5915E820F46D1F00B6AEDC /* Debug */ = {
			isa = XCBuildConfiguration;
			buildSettings = {
				ALWAYS_SEARCH_USER_PATHS = NO;
				CLANG_ANALYZER_NONNULL = YES;
				CLANG_ANALYZER_NUMBER_OBJECT_CONVERSION = YES_AGGRESSIVE;
				CLANG_CXX_LANGUAGE_STANDARD = "gnu++14";
				CLANG_CXX_LIBRARY = "libc++";
				CLANG_ENABLE_OBJC_ARC = YES;
				CLANG_ENABLE_OBJC_WEAK = YES;
				CLANG_WARN_BLOCK_CAPTURE_AUTORELEASING = YES;
				CLANG_WARN_BOOL_CONVERSION = YES;
				CLANG_WARN_COMMA = YES;
				CLANG_WARN_CONSTANT_CONVERSION = YES;
				CLANG_WARN_DEPRECATED_OBJC_IMPLEMENTATIONS = YES;
				CLANG_WARN_DIRECT_OBJC_ISA_USAGE = YES_ERROR;
				CLANG_WARN_DOCUMENTATION_COMMENTS = YES;
				CLANG_WARN_EMPTY_BODY = YES;
				CLANG_WARN_ENUM_CONVERSION = YES;
				CLANG_WARN_INFINITE_RECURSION = YES;
				CLANG_WARN_INT_CONVERSION = YES;
				CLANG_WARN_NON_LITERAL_NULL_CONVERSION = YES;
				CLANG_WARN_OBJC_IMPLICIT_RETAIN_SELF = YES;
				CLANG_WARN_OBJC_LITERAL_CONVERSION = YES;
				CLANG_WARN_OBJC_ROOT_CLASS = YES_ERROR;
				CLANG_WARN_RANGE_LOOP_ANALYSIS = YES;
				CLANG_WARN_STRICT_PROTOTYPES = YES;
				CLANG_WARN_SUSPICIOUS_MOVE = YES;
				CLANG_WARN_UNGUARDED_AVAILABILITY = YES_AGGRESSIVE;
				CLANG_WARN_UNREACHABLE_CODE = YES;
				CLANG_WARN__DUPLICATE_METHOD_MATCH = YES;
				CODE_SIGN_IDENTITY = "iPhone Developer";
				COPY_PHASE_STRIP = NO;
				DEBUG_INFORMATION_FORMAT = dwarf;
				ENABLE_STRICT_OBJC_MSGSEND = YES;
				ENABLE_TESTABILITY = YES;
				GCC_C_LANGUAGE_STANDARD = gnu11;
				GCC_DYNAMIC_NO_PIC = NO;
				GCC_NO_COMMON_BLOCKS = YES;
				GCC_OPTIMIZATION_LEVEL = 0;
				GCC_PREPROCESSOR_DEFINITIONS = (
					"DEBUG=1",
					"$(inherited)",
				);
				GCC_WARN_64_TO_32_BIT_CONVERSION = YES;
				GCC_WARN_ABOUT_RETURN_TYPE = YES_ERROR;
				GCC_WARN_UNDECLARED_SELECTOR = YES;
				GCC_WARN_UNINITIALIZED_AUTOS = YES_AGGRESSIVE;
				GCC_WARN_UNUSED_FUNCTION = YES;
				GCC_WARN_UNUSED_VARIABLE = YES;
				IPHONEOS_DEPLOYMENT_TARGET = 9.0;
				MTL_ENABLE_DEBUG_INFO = INCLUDE_SOURCE;
				MTL_FAST_MATH = YES;
				ONLY_ACTIVE_ARCH = YES;
				SDKROOT = iphoneos;
				SWIFT_ACTIVE_COMPILATION_CONDITIONS = DEBUG;
				SWIFT_INSTALL_OBJC_HEADER = NO;
				SWIFT_OPTIMIZATION_LEVEL = "-Onone";
				SWIFT_VERSION = 4.2;
			};
			name = Debug;
		};
		DA5915E920F46D1F00B6AEDC /* Release */ = {
			isa = XCBuildConfiguration;
			buildSettings = {
				ALWAYS_SEARCH_USER_PATHS = NO;
				CLANG_ANALYZER_NONNULL = YES;
				CLANG_ANALYZER_NUMBER_OBJECT_CONVERSION = YES_AGGRESSIVE;
				CLANG_CXX_LANGUAGE_STANDARD = "gnu++14";
				CLANG_CXX_LIBRARY = "libc++";
				CLANG_ENABLE_OBJC_ARC = YES;
				CLANG_ENABLE_OBJC_WEAK = YES;
				CLANG_WARN_BLOCK_CAPTURE_AUTORELEASING = YES;
				CLANG_WARN_BOOL_CONVERSION = YES;
				CLANG_WARN_COMMA = YES;
				CLANG_WARN_CONSTANT_CONVERSION = YES;
				CLANG_WARN_DEPRECATED_OBJC_IMPLEMENTATIONS = YES;
				CLANG_WARN_DIRECT_OBJC_ISA_USAGE = YES_ERROR;
				CLANG_WARN_DOCUMENTATION_COMMENTS = YES;
				CLANG_WARN_EMPTY_BODY = YES;
				CLANG_WARN_ENUM_CONVERSION = YES;
				CLANG_WARN_INFINITE_RECURSION = YES;
				CLANG_WARN_INT_CONVERSION = YES;
				CLANG_WARN_NON_LITERAL_NULL_CONVERSION = YES;
				CLANG_WARN_OBJC_IMPLICIT_RETAIN_SELF = YES;
				CLANG_WARN_OBJC_LITERAL_CONVERSION = YES;
				CLANG_WARN_OBJC_ROOT_CLASS = YES_ERROR;
				CLANG_WARN_RANGE_LOOP_ANALYSIS = YES;
				CLANG_WARN_STRICT_PROTOTYPES = YES;
				CLANG_WARN_SUSPICIOUS_MOVE = YES;
				CLANG_WARN_UNGUARDED_AVAILABILITY = YES_AGGRESSIVE;
				CLANG_WARN_UNREACHABLE_CODE = YES;
				CLANG_WARN__DUPLICATE_METHOD_MATCH = YES;
				CODE_SIGN_IDENTITY = "iPhone Developer";
				COPY_PHASE_STRIP = NO;
				DEBUG_INFORMATION_FORMAT = "dwarf-with-dsym";
				ENABLE_NS_ASSERTIONS = NO;
				ENABLE_STRICT_OBJC_MSGSEND = YES;
				GCC_C_LANGUAGE_STANDARD = gnu11;
				GCC_NO_COMMON_BLOCKS = YES;
				GCC_WARN_64_TO_32_BIT_CONVERSION = YES;
				GCC_WARN_ABOUT_RETURN_TYPE = YES_ERROR;
				GCC_WARN_UNDECLARED_SELECTOR = YES;
				GCC_WARN_UNINITIALIZED_AUTOS = YES_AGGRESSIVE;
				GCC_WARN_UNUSED_FUNCTION = YES;
				GCC_WARN_UNUSED_VARIABLE = YES;
				IPHONEOS_DEPLOYMENT_TARGET = 9.0;
				MTL_ENABLE_DEBUG_INFO = NO;
				MTL_FAST_MATH = YES;
				SDKROOT = iphoneos;
				SWIFT_COMPILATION_MODE = wholemodule;
				SWIFT_INSTALL_OBJC_HEADER = NO;
				SWIFT_OPTIMIZATION_LEVEL = "-O";
				SWIFT_VERSION = 4.2;
				VALIDATE_PRODUCT = YES;
			};
			name = Release;
		};
		DA5915EB20F46D1F00B6AEDC /* Debug */ = {
			isa = XCBuildConfiguration;
			baseConfigurationReference = CDAA37ACCC504D84A06FF955 /* Pods-Application.debug.xcconfig */;
			buildSettings = {
				ASSETCATALOG_COMPILER_APPICON_NAME = AppIcon;
				CODE_SIGN_STYLE = Automatic;
				DEVELOPMENT_TEAM = 7AMWG3RLHN;
				INFOPLIST_FILE = Configuration/application.plist;
				LD_RUNPATH_SEARCH_PATHS = (
					"$(inherited)",
					"@executable_path/Frameworks",
				);
				PRODUCT_BUNDLE_IDENTIFIER = iturbide.Pyro;
				PRODUCT_NAME = "$(TARGET_NAME)";
				TARGETED_DEVICE_FAMILY = "1,2";
			};
			name = Debug;
		};
		DA5915EC20F46D1F00B6AEDC /* Release */ = {
			isa = XCBuildConfiguration;
			baseConfigurationReference = CE51436FB12A4F09707B5BEC /* Pods-Application.release.xcconfig */;
			buildSettings = {
				ASSETCATALOG_COMPILER_APPICON_NAME = AppIcon;
				CODE_SIGN_STYLE = Automatic;
				DEVELOPMENT_TEAM = 7AMWG3RLHN;
				INFOPLIST_FILE = Configuration/application.plist;
				LD_RUNPATH_SEARCH_PATHS = (
					"$(inherited)",
					"@executable_path/Frameworks",
				);
				PRODUCT_BUNDLE_IDENTIFIER = iturbide.Pyro;
				PRODUCT_NAME = "$(TARGET_NAME)";
				TARGETED_DEVICE_FAMILY = "1,2";
			};
			name = Release;
		};
/* End XCBuildConfiguration section */

/* Begin XCConfigurationList section */
		DA5915D320F46D1E00B6AEDC /* Build configuration list for PBXProject "Application" */ = {
			isa = XCConfigurationList;
			buildConfigurations = (
				DA5915E820F46D1F00B6AEDC /* Debug */,
				DA5915E920F46D1F00B6AEDC /* Release */,
			);
			defaultConfigurationIsVisible = 0;
			defaultConfigurationName = Release;
		};
		DA5915EA20F46D1F00B6AEDC /* Build configuration list for PBXNativeTarget "Application" */ = {
			isa = XCConfigurationList;
			buildConfigurations = (
				DA5915EB20F46D1F00B6AEDC /* Debug */,
				DA5915EC20F46D1F00B6AEDC /* Release */,
			);
			defaultConfigurationIsVisible = 0;
			defaultConfigurationName = Release;
		};
/* End XCConfigurationList section */
	};
	rootObject = DA5915D020F46D1E00B6AEDC /* Project object */;
}
