PODS:
  - CleanArchitecture (1.12.121)

DEPENDENCIES:
  - CleanArchitecture

SPEC REPOS:
  https://github.com/cocoapods/specs.git:
    - CleanArchitecture

SPEC CHECKSUMS:
  CleanArchitecture: 5525539d47cfd9b49b1c977f0d19312039ce1166

PODFILE CHECKSUM: 4f357576296b203fb5afbbc89e97d373d95ef849

COCOAPODS: 1.5.3
