// !$*UTF8*$!
{
	archiveVersion = 1;
	classes = {
	};
	objectVersion = 50;
	objects = {

/* Begin PBXBuildFile section */
		2F063725DAC1A22CB214248E /* Pods_Pyro.framework in Frameworks */ = {isa = PBXBuildFile; fileRef = 28C8CB7B5D80F6803E1D1E56 /* Pods_Pyro.framework */; };
		DA39B12820F255630085FA39 /* Interactor.swift in Sources */ = {isa = PBXBuildFile; fileRef = DA39B12720F255630085FA39 /* Interactor.swift */; };
		DA39B12A20F255860085FA39 /* UsersPresenter.swift in Sources */ = {isa = PBXBuildFile; fileRef = DA39B12920F255860085FA39 /* UsersPresenter.swift */; };
		DA39B12C20F255D50085FA39 /* UsersView.swift in Sources */ = {isa = PBXBuildFile; fileRef = DA39B12B20F255D50085FA39 /* UsersView.swift */; };
		DA39B12E20F256B60085FA39 /* NavigationProtocol.swift in Sources */ = {isa = PBXBuildFile; fileRef = DA39B12D20F256B60085FA39 /* NavigationProtocol.swift */; };
		DA39B13020F259C50085FA39 /* UsersViewContent.swift in Sources */ = {isa = PBXBuildFile; fileRef = DA39B12F20F259C50085FA39 /* UsersViewContent.swift */; };
		DA39B13220F25A030085FA39 /* UsersViewContentCell.swift in Sources */ = {isa = PBXBuildFile; fileRef = DA39B13120F25A030085FA39 /* UsersViewContentCell.swift */; };
		DA39B13420F25B6C0085FA39 /* UsersConstants.swift in Sources */ = {isa = PBXBuildFile; fileRef = DA39B13320F25B6C0085FA39 /* UsersConstants.swift */; };
		DA5DD3EF20F24BB1005BBA1D /* Localizable.strings in Resources */ = {isa = PBXBuildFile; fileRef = DA5DD3EB20F24BB0005BBA1D /* Localizable.strings */; };
		DA5DD3F020F24BB1005BBA1D /* LaunchScreen.storyboard in Resources */ = {isa = PBXBuildFile; fileRef = DA5DD3EE20F24BB0005BBA1D /* LaunchScreen.storyboard */; };
		DA5DD3F620F24FCB005BBA1D /* TestParser.swift in Sources */ = {isa = PBXBuildFile; fileRef = DA5DD3F520F24FCB005BBA1D /* TestParser.swift */; };
		DA5DD3F820F24FDB005BBA1D /* Application.swift in Sources */ = {isa = PBXBuildFile; fileRef = DA5DD3F720F24FDB005BBA1D /* Application.swift */; };
		DA5DD3FA20F2512C005BBA1D /* Navigation.swift in Sources */ = {isa = PBXBuildFile; fileRef = DA5DD3F920F2512C005BBA1D /* Navigation.swift */; };
/* End PBXBuildFile section */

/* Begin PBXContainerItemProxy section */
		DA5DD3E320F24B79005BBA1D /* PBXContainerItemProxy */ = {
			isa = PBXContainerItemProxy;
			containerPortal = DA5DD3BD20F24A2A005BBA1D /* Project object */;
			proxyType = 1;
			remoteGlobalIDString = DA5DD3C420F24A2A005BBA1D;
			remoteInfo = Pyro;
		};
/* End PBXContainerItemProxy section */

/* Begin PBXFileReference section */
		28C8CB7B5D80F6803E1D1E56 /* Pods_Pyro.framework */ = {isa = PBXFileReference; explicitFileType = wrapper.framework; includeInIndex = 0; path = Pods_Pyro.framework; sourceTree = BUILT_PRODUCTS_DIR; };
		A07271B43219EEA35FDD3C73 /* Pods-Pyro.release.xcconfig */ = {isa = PBXFileReference; includeInIndex = 1; lastKnownFileType = text.xcconfig; name = "Pods-Pyro.release.xcconfig"; path = "Pods/Target Support Files/Pods-Pyro/Pods-Pyro.release.xcconfig"; sourceTree = "<group>"; };
		B42C05419CA0FC538FE92B6F /* Pods-Pyro.debug.xcconfig */ = {isa = PBXFileReference; includeInIndex = 1; lastKnownFileType = text.xcconfig; name = "Pods-Pyro.debug.xcconfig"; path = "Pods/Target Support Files/Pods-Pyro/Pods-Pyro.debug.xcconfig"; sourceTree = "<group>"; };
		DA39B12720F255630085FA39 /* Interactor.swift */ = {isa = PBXFileReference; lastKnownFileType = sourcecode.swift; path = Interactor.swift; sourceTree = "<group>"; };
		DA39B12920F255860085FA39 /* UsersPresenter.swift */ = {isa = PBXFileReference; lastKnownFileType = sourcecode.swift; path = UsersPresenter.swift; sourceTree = "<group>"; };
		DA39B12B20F255D50085FA39 /* UsersView.swift */ = {isa = PBXFileReference; lastKnownFileType = sourcecode.swift; path = UsersView.swift; sourceTree = "<group>"; };
		DA39B12D20F256B60085FA39 /* NavigationProtocol.swift */ = {isa = PBXFileReference; lastKnownFileType = sourcecode.swift; path = NavigationProtocol.swift; sourceTree = "<group>"; };
		DA39B12F20F259C50085FA39 /* UsersViewContent.swift */ = {isa = PBXFileReference; lastKnownFileType = sourcecode.swift; path = UsersViewContent.swift; sourceTree = "<group>"; };
		DA39B13120F25A030085FA39 /* UsersViewContentCell.swift */ = {isa = PBXFileReference; lastKnownFileType = sourcecode.swift; path = UsersViewContentCell.swift; sourceTree = "<group>"; };
		DA39B13320F25B6C0085FA39 /* UsersConstants.swift */ = {isa = PBXFileReference; lastKnownFileType = sourcecode.swift; path = UsersConstants.swift; sourceTree = "<group>"; };
		DA5DD3C520F24A2A005BBA1D /* Pyro.app */ = {isa = PBXFileReference; explicitFileType = wrapper.application; includeInIndex = 0; path = Pyro.app; sourceTree = BUILT_PRODUCTS_DIR; };
		DA5DD3DE20F24B78005BBA1D /* Tests.xctest */ = {isa = PBXFileReference; explicitFileType = wrapper.cfbundle; includeInIndex = 0; path = Tests.xctest; sourceTree = BUILT_PRODUCTS_DIR; };
		DA5DD3E820F24B9E005BBA1D /* Configuration */ = {isa = PBXFileReference; lastKnownFileType = folder; path = Configuration; sourceTree = "<group>"; };
		DA5DD3EC20F24BB0005BBA1D /* en */ = {isa = PBXFileReference; lastKnownFileType = text.plist.strings; name = en; path = en.lproj/Localizable.strings; sourceTree = "<group>"; };
		DA5DD3EE20F24BB0005BBA1D /* LaunchScreen.storyboard */ = {isa = PBXFileReference; fileEncoding = 4; lastKnownFileType = file.storyboard; path = LaunchScreen.storyboard; sourceTree = "<group>"; };
		DA5DD3F520F24FCB005BBA1D /* TestParser.swift */ = {isa = PBXFileReference; lastKnownFileType = sourcecode.swift; path = TestParser.swift; sourceTree = "<group>"; };
		DA5DD3F720F24FDB005BBA1D /* Application.swift */ = {isa = PBXFileReference; lastKnownFileType = sourcecode.swift; path = Application.swift; sourceTree = "<group>"; };
		DA5DD3F920F2512C005BBA1D /* Navigation.swift */ = {isa = PBXFileReference; lastKnownFileType = sourcecode.swift; path = Navigation.swift; sourceTree = "<group>"; };
/* End PBXFileReference section */

/* Begin PBXFrameworksBuildPhase section */
		DA5DD3C220F24A2A005BBA1D /* Frameworks */ = {
			isa = PBXFrameworksBuildPhase;
			buildActionMask = 2147483647;
			files = (
				2F063725DAC1A22CB214248E /* Pods_Pyro.framework in Frameworks */,
			);
			runOnlyForDeploymentPostprocessing = 0;
		};
		DA5DD3DB20F24B78005BBA1D /* Frameworks */ = {
			isa = PBXFrameworksBuildPhase;
			buildActionMask = 2147483647;
			files = (
			);
			runOnlyForDeploymentPostprocessing = 0;
		};
/* End PBXFrameworksBuildPhase section */

/* Begin PBXGroup section */
		1EAC4D3A9EABA4B3CCD57573 /* Frameworks */ = {
			isa = PBXGroup;
			children = (
				28C8CB7B5D80F6803E1D1E56 /* Pods_Pyro.framework */,
			);
			name = Frameworks;
			sourceTree = "<group>";
		};
		722A36415EF6089267DCB9E9 /* Pods */ = {
			isa = PBXGroup;
			children = (
				B42C05419CA0FC538FE92B6F /* Pods-Pyro.debug.xcconfig */,
				A07271B43219EEA35FDD3C73 /* Pods-Pyro.release.xcconfig */,
			);
			name = Pods;
			sourceTree = "<group>";
		};
		DA39B12220F2552A0085FA39 /* Application */ = {
			isa = PBXGroup;
			children = (
				DA5DD3F720F24FDB005BBA1D /* Application.swift */,
				DA5DD3F920F2512C005BBA1D /* Navigation.swift */,
				DA39B12D20F256B60085FA39 /* NavigationProtocol.swift */,
			);
			path = Application;
			sourceTree = "<group>";
		};
		DA39B12320F255390085FA39 /* View */ = {
			isa = PBXGroup;
			children = (
				DA39B12B20F255D50085FA39 /* UsersView.swift */,
				DA39B12F20F259C50085FA39 /* UsersViewContent.swift */,
				DA39B13120F25A030085FA39 /* UsersViewContentCell.swift */,
			);
			path = View;
			sourceTree = "<group>";
		};
		DA39B12420F2553D0085FA39 /* Presenter */ = {
			isa = PBXGroup;
			children = (
				DA39B12920F255860085FA39 /* UsersPresenter.swift */,
			);
			path = Presenter;
			sourceTree = "<group>";
		};
		DA39B12520F255430085FA39 /* Interactor */ = {
			isa = PBXGroup;
			children = (
				DA39B12720F255630085FA39 /* Interactor.swift */,
				DA39B13320F25B6C0085FA39 /* UsersConstants.swift */,
			);
			path = Interactor;
			sourceTree = "<group>";
		};
		DA39B12620F2554A0085FA39 /* ViewModel */ = {
			isa = PBXGroup;
			children = (
			);
			path = ViewModel;
			sourceTree = "<group>";
		};
		DA5DD3BC20F24A2A005BBA1D = {
			isa = PBXGroup;
			children = (
				DA5DD3E920F24BB0005BBA1D /* Source */,
				DA5DD3F120F24BB8005BBA1D /* Tests */,
				DA5DD3ED20F24BB0005BBA1D /* Assets */,
				DA5DD3EA20F24BB0005BBA1D /* Resources */,
				DA5DD3C620F24A2A005BBA1D /* Products */,
				722A36415EF6089267DCB9E9 /* Pods */,
				1EAC4D3A9EABA4B3CCD57573 /* Frameworks */,
				DA5DD3E820F24B9E005BBA1D /* Configuration */,
			);
			sourceTree = "<group>";
		};
		DA5DD3C620F24A2A005BBA1D /* Products */ = {
			isa = PBXGroup;
			children = (
				DA5DD3C520F24A2A005BBA1D /* Pyro.app */,
				DA5DD3DE20F24B78005BBA1D /* Tests.xctest */,
			);
			name = Products;
			sourceTree = "<group>";
		};
		DA5DD3E920F24BB0005BBA1D /* Source */ = {
			isa = PBXGroup;
			children = (
				DA39B12220F2552A0085FA39 /* Application */,
				DA39B12520F255430085FA39 /* Interactor */,
				DA39B12420F2553D0085FA39 /* Presenter */,
				DA39B12620F2554A0085FA39 /* ViewModel */,
				DA39B12320F255390085FA39 /* View */,
			);
			path = Source;
			sourceTree = "<group>";
		};
		DA5DD3EA20F24BB0005BBA1D /* Resources */ = {
			isa = PBXGroup;
			children = (
				DA5DD3EE20F24BB0005BBA1D /* LaunchScreen.storyboard */,
				DA5DD3EB20F24BB0005BBA1D /* Localizable.strings */,
			);
			path = Resources;
			sourceTree = "<group>";
		};
		DA5DD3ED20F24BB0005BBA1D /* Assets */ = {
			isa = PBXGroup;
			children = (
			);
			path = Assets;
			sourceTree = "<group>";
		};
		DA5DD3F120F24BB8005BBA1D /* Tests */ = {
			isa = PBXGroup;
			children = (
				DA5DD3F520F24FCB005BBA1D /* TestParser.swift */,
			);
			path = Tests;
			sourceTree = "<group>";
		};
/* End PBXGroup section */

/* Begin PBXNativeTarget section */
		DA5DD3C420F24A2A005BBA1D /* Pyro */ = {
			isa = PBXNativeTarget;
			buildConfigurationList = DA5DD3D720F24A2B005BBA1D /* Build configuration list for PBXNativeTarget "Pyro" */;
			buildPhases = (
				B4D78B6B49CD3B88DAE68AD9 /* [CP] Check Pods Manifest.lock */,
				DA5DD3C120F24A2A005BBA1D /* Sources */,
				DA5DD3C220F24A2A005BBA1D /* Frameworks */,
				DA5DD3C320F24A2A005BBA1D /* Resources */,
				957D58D7CA4145954632EC42 /* [CP] Embed Pods Frameworks */,
			);
			buildRules = (
			);
			dependencies = (
			);
			name = Pyro;
			productName = Pyro;
			productReference = DA5DD3C520F24A2A005BBA1D /* Pyro.app */;
			productType = "com.apple.product-type.application";
		};
		DA5DD3DD20F24B78005BBA1D /* Tests */ = {
			isa = PBXNativeTarget;
			buildConfigurationList = DA5DD3E520F24B79005BBA1D /* Build configuration list for PBXNativeTarget "Tests" */;
			buildPhases = (
				DA5DD3DA20F24B78005BBA1D /* Sources */,
				DA5DD3DB20F24B78005BBA1D /* Frameworks */,
				DA5DD3DC20F24B78005BBA1D /* Resources */,
			);
			buildRules = (
			);
			dependencies = (
				DA5DD3E420F24B79005BBA1D /* PBXTargetDependency */,
			);
			name = Tests;
			productName = Tests;
			productReference = DA5DD3DE20F24B78005BBA1D /* Tests.xctest */;
			productType = "com.apple.product-type.bundle.unit-test";
		};
/* End PBXNativeTarget section */

/* Begin PBXProject section */
		DA5DD3BD20F24A2A005BBA1D /* Project object */ = {
			isa = PBXProject;
			attributes = {
				LastSwiftUpdateCheck = 0940;
				LastUpgradeCheck = 0940;
				ORGANIZATIONNAME = iturbide;
				TargetAttributes = {
					DA5DD3C420F24A2A005BBA1D = {
						CreatedOnToolsVersion = 9.4.1;
						LastSwiftMigration = 0940;
					};
					DA5DD3DD20F24B78005BBA1D = {
						CreatedOnToolsVersion = 9.4.1;
						LastSwiftMigration = 0940;
						TestTargetID = DA5DD3C420F24A2A005BBA1D;
					};
				};
			};
			buildConfigurationList = DA5DD3C020F24A2A005BBA1D /* Build configuration list for PBXProject "Pyro" */;
			compatibilityVersion = "Xcode 9.3";
			developmentRegion = en;
			hasScannedForEncodings = 0;
			knownRegions = (
				en,
			);
			mainGroup = DA5DD3BC20F24A2A005BBA1D;
			productRefGroup = DA5DD3C620F24A2A005BBA1D /* Products */;
			projectDirPath = "";
			projectRoot = "";
			targets = (
				DA5DD3C420F24A2A005BBA1D /* Pyro */,
				DA5DD3DD20F24B78005BBA1D /* Tests */,
			);
		};
/* End PBXProject section */

/* Begin PBXResourcesBuildPhase section */
		DA5DD3C320F24A2A005BBA1D /* Resources */ = {
			isa = PBXResourcesBuildPhase;
			buildActionMask = 2147483647;
			files = (
				DA5DD3EF20F24BB1005BBA1D /* Localizable.strings in Resources */,
				DA5DD3F020F24BB1005BBA1D /* LaunchScreen.storyboard in Resources */,
			);
			runOnlyForDeploymentPostprocessing = 0;
		};
		DA5DD3DC20F24B78005BBA1D /* Resources */ = {
			isa = PBXResourcesBuildPhase;
			buildActionMask = 2147483647;
			files = (
			);
			runOnlyForDeploymentPostprocessing = 0;
		};
/* End PBXResourcesBuildPhase section */

/* Begin PBXShellScriptBuildPhase section */
		957D58D7CA4145954632EC42 /* [CP] Embed Pods Frameworks */ = {
			isa = PBXShellScriptBuildPhase;
			buildActionMask = 2147483647;
			files = (
			);
			inputPaths = (
				"${SRCROOT}/Pods/Target Support Files/Pods-Pyro/Pods-Pyro-frameworks.sh",
				"${BUILT_PRODUCTS_DIR}/CleanArchitecture/CleanArchitecture.framework",
			);
			name = "[CP] Embed Pods Frameworks";
			outputPaths = (
				"${TARGET_BUILD_DIR}/${FRAMEWORKS_FOLDER_PATH}/CleanArchitecture.framework",
			);
			runOnlyForDeploymentPostprocessing = 0;
			shellPath = /bin/sh;
			shellScript = "\"${SRCROOT}/Pods/Target Support Files/Pods-Pyro/Pods-Pyro-frameworks.sh\"\n";
			showEnvVarsInLog = 0;
		};
		B4D78B6B49CD3B88DAE68AD9 /* [CP] Check Pods Manifest.lock */ = {
			isa = PBXShellScriptBuildPhase;
			buildActionMask = 2147483647;
			files = (
			);
			inputPaths = (
				"${PODS_PODFILE_DIR_PATH}/Podfile.lock",
				"${PODS_ROOT}/Manifest.lock",
			);
			name = "[CP] Check Pods Manifest.lock";
			outputPaths = (
				"$(DERIVED_FILE_DIR)/Pods-Pyro-checkManifestLockResult.txt",
			);
			runOnlyForDeploymentPostprocessing = 0;
			shellPath = /bin/sh;
			shellScript = "diff \"${PODS_PODFILE_DIR_PATH}/Podfile.lock\" \"${PODS_ROOT}/Manifest.lock\" > /dev/null\nif [ $? != 0 ] ; then\n    # print error to STDERR\n    echo \"error: The sandbox is not in sync with the Podfile.lock. Run 'pod install' or update your CocoaPods installation.\" >&2\n    exit 1\nfi\n# This output is used by Xcode 'outputs' to avoid re-running this script phase.\necho \"SUCCESS\" > \"${SCRIPT_OUTPUT_FILE_0}\"\n";
			showEnvVarsInLog = 0;
		};
/* End PBXShellScriptBuildPhase section */

/* Begin PBXSourcesBuildPhase section */
		DA5DD3C120F24A2A005BBA1D /* Sources */ = {
			isa = PBXSourcesBuildPhase;
			buildActionMask = 2147483647;
			files = (
				DA39B13020F259C50085FA39 /* UsersViewContent.swift in Sources */,
				DA39B12C20F255D50085FA39 /* UsersView.swift in Sources */,
				DA39B12820F255630085FA39 /* Interactor.swift in Sources */,
				DA5DD3F820F24FDB005BBA1D /* Application.swift in Sources */,
				DA39B12E20F256B60085FA39 /* NavigationProtocol.swift in Sources */,
				DA39B13420F25B6C0085FA39 /* UsersConstants.swift in Sources */,
				DA39B13220F25A030085FA39 /* UsersViewContentCell.swift in Sources */,
				DA39B12A20F255860085FA39 /* UsersPresenter.swift in Sources */,
				DA5DD3FA20F2512C005BBA1D /* Navigation.swift in Sources */,
			);
			runOnlyForDeploymentPostprocessing = 0;
		};
		DA5DD3DA20F24B78005BBA1D /* Sources */ = {
			isa = PBXSourcesBuildPhase;
			buildActionMask = 2147483647;
			files = (
				DA5DD3F620F24FCB005BBA1D /* TestParser.swift in Sources */,
			);
			runOnlyForDeploymentPostprocessing = 0;
		};
/* End PBXSourcesBuildPhase section */

/* Begin PBXTargetDependency section */
		DA5DD3E420F24B79005BBA1D /* PBXTargetDependency */ = {
			isa = PBXTargetDependency;
			target = DA5DD3C420F24A2A005BBA1D /* Pyro */;
			targetProxy = DA5DD3E320F24B79005BBA1D /* PBXContainerItemProxy */;
		};
/* End PBXTargetDependency section */

/* Begin PBXVariantGroup section */
		DA5DD3EB20F24BB0005BBA1D /* Localizable.strings */ = {
			isa = PBXVariantGroup;
			children = (
				DA5DD3EC20F24BB0005BBA1D /* en */,
			);
			name = Localizable.strings;
			sourceTree = "<group>";
		};
/* End PBXVariantGroup section */

/* Begin XCBuildConfiguration section */
		DA5DD3D520F24A2B005BBA1D /* Debug */ = {
			isa = XCBuildConfiguration;
			buildSettings = {
				ALWAYS_SEARCH_USER_PATHS = NO;
				CLANG_ANALYZER_NONNULL = YES;
				CLANG_ANALYZER_NUMBER_OBJECT_CONVERSION = YES_AGGRESSIVE;
				CLANG_CXX_LANGUAGE_STANDARD = "gnu++14";
				CLANG_CXX_LIBRARY = "libc++";
				CLANG_ENABLE_OBJC_ARC = YES;
				CLANG_ENABLE_OBJC_WEAK = YES;
				CLANG_WARN_BLOCK_CAPTURE_AUTORELEASING = YES;
				CLANG_WARN_BOOL_CONVERSION = YES;
				CLANG_WARN_COMMA = YES;
				CLANG_WARN_CONSTANT_CONVERSION = YES;
				CLANG_WARN_DEPRECATED_OBJC_IMPLEMENTATIONS = YES;
				CLANG_WARN_DIRECT_OBJC_ISA_USAGE = YES_ERROR;
				CLANG_WARN_DOCUMENTATION_COMMENTS = YES;
				CLANG_WARN_EMPTY_BODY = YES;
				CLANG_WARN_ENUM_CONVERSION = YES;
				CLANG_WARN_INFINITE_RECURSION = YES;
				CLANG_WARN_INT_CONVERSION = YES;
				CLANG_WARN_NON_LITERAL_NULL_CONVERSION = YES;
				CLANG_WARN_OBJC_IMPLICIT_RETAIN_SELF = YES;
				CLANG_WARN_OBJC_LITERAL_CONVERSION = YES;
				CLANG_WARN_OBJC_ROOT_CLASS = YES_ERROR;
				CLANG_WARN_RANGE_LOOP_ANALYSIS = YES;
				CLANG_WARN_STRICT_PROTOTYPES = YES;
				CLANG_WARN_SUSPICIOUS_MOVE = YES;
				CLANG_WARN_UNGUARDED_AVAILABILITY = YES_AGGRESSIVE;
				CLANG_WARN_UNREACHABLE_CODE = YES;
				CLANG_WARN__DUPLICATE_METHOD_MATCH = YES;
				CODE_SIGN_IDENTITY = "iPhone Developer";
				COPY_PHASE_STRIP = NO;
				DEBUG_INFORMATION_FORMAT = dwarf;
				ENABLE_STRICT_OBJC_MSGSEND = YES;
				ENABLE_TESTABILITY = YES;
				GCC_C_LANGUAGE_STANDARD = gnu11;
				GCC_DYNAMIC_NO_PIC = NO;
				GCC_NO_COMMON_BLOCKS = YES;
				GCC_OPTIMIZATION_LEVEL = 0;
				GCC_PREPROCESSOR_DEFINITIONS = (
					"DEBUG=1",
					"$(inherited)",
				);
				GCC_WARN_64_TO_32_BIT_CONVERSION = YES;
				GCC_WARN_ABOUT_RETURN_TYPE = YES_ERROR;
				GCC_WARN_UNDECLARED_SELECTOR = YES;
				GCC_WARN_UNINITIALIZED_AUTOS = YES_AGGRESSIVE;
				GCC_WARN_UNUSED_FUNCTION = YES;
				GCC_WARN_UNUSED_VARIABLE = YES;
				IPHONEOS_DEPLOYMENT_TARGET = 9.0;
				MTL_ENABLE_DEBUG_INFO = YES;
				ONLY_ACTIVE_ARCH = YES;
				SDKROOT = iphoneos;
				SWIFT_ACTIVE_COMPILATION_CONDITIONS = DEBUG;
				SWIFT_INSTALL_OBJC_HEADER = NO;
				SWIFT_OPTIMIZATION_LEVEL = "-Onone";
				SWIFT_VERSION = 4.0;
			};
			name = Debug;
		};
		DA5DD3D620F24A2B005BBA1D /* Release */ = {
			isa = XCBuildConfiguration;
			buildSettings = {
				ALWAYS_SEARCH_USER_PATHS = NO;
				CLANG_ANALYZER_NONNULL = YES;
				CLANG_ANALYZER_NUMBER_OBJECT_CONVERSION = YES_AGGRESSIVE;
				CLANG_CXX_LANGUAGE_STANDARD = "gnu++14";
				CLANG_CXX_LIBRARY = "libc++";
				CLANG_ENABLE_OBJC_ARC = YES;
				CLANG_ENABLE_OBJC_WEAK = YES;
				CLANG_WARN_BLOCK_CAPTURE_AUTORELEASING = YES;
				CLANG_WARN_BOOL_CONVERSION = YES;
				CLANG_WARN_COMMA = YES;
				CLANG_WARN_CONSTANT_CONVERSION = YES;
				CLANG_WARN_DEPRECATED_OBJC_IMPLEMENTATIONS = YES;
				CLANG_WARN_DIRECT_OBJC_ISA_USAGE = YES_ERROR;
				CLANG_WARN_DOCUMENTATION_COMMENTS = YES;
				CLANG_WARN_EMPTY_BODY = YES;
				CLANG_WARN_ENUM_CONVERSION = YES;
				CLANG_WARN_INFINITE_RECURSION = YES;
				CLANG_WARN_INT_CONVERSION = YES;
				CLANG_WARN_NON_LITERAL_NULL_CONVERSION = YES;
				CLANG_WARN_OBJC_IMPLICIT_RETAIN_SELF = YES;
				CLANG_WARN_OBJC_LITERAL_CONVERSION = YES;
				CLANG_WARN_OBJC_ROOT_CLASS = YES_ERROR;
				CLANG_WARN_RANGE_LOOP_ANALYSIS = YES;
				CLANG_WARN_STRICT_PROTOTYPES = YES;
				CLANG_WARN_SUSPICIOUS_MOVE = YES;
				CLANG_WARN_UNGUARDED_AVAILABILITY = YES_AGGRESSIVE;
				CLANG_WARN_UNREACHABLE_CODE = YES;
				CLANG_WARN__DUPLICATE_METHOD_MATCH = YES;
				CODE_SIGN_IDENTITY = "iPhone Developer";
				COPY_PHASE_STRIP = NO;
				DEBUG_INFORMATION_FORMAT = "dwarf-with-dsym";
				ENABLE_NS_ASSERTIONS = NO;
				ENABLE_STRICT_OBJC_MSGSEND = YES;
				GCC_C_LANGUAGE_STANDARD = gnu11;
				GCC_NO_COMMON_BLOCKS = YES;
				GCC_WARN_64_TO_32_BIT_CONVERSION = YES;
				GCC_WARN_ABOUT_RETURN_TYPE = YES_ERROR;
				GCC_WARN_UNDECLARED_SELECTOR = YES;
				GCC_WARN_UNINITIALIZED_AUTOS = YES_AGGRESSIVE;
				GCC_WARN_UNUSED_FUNCTION = YES;
				GCC_WARN_UNUSED_VARIABLE = YES;
				IPHONEOS_DEPLOYMENT_TARGET = 9.0;
				MTL_ENABLE_DEBUG_INFO = NO;
				SDKROOT = iphoneos;
				SWIFT_COMPILATION_MODE = wholemodule;
				SWIFT_INSTALL_OBJC_HEADER = NO;
				SWIFT_OPTIMIZATION_LEVEL = "-O";
				SWIFT_VERSION = 4.0;
				VALIDATE_PRODUCT = YES;
			};
			name = Release;
		};
		DA5DD3D820F24A2B005BBA1D /* Debug */ = {
			isa = XCBuildConfiguration;
			baseConfigurationReference = B42C05419CA0FC538FE92B6F /* Pods-Pyro.debug.xcconfig */;
			buildSettings = {
				CODE_SIGN_STYLE = Automatic;
				DEVELOPMENT_TEAM = 7AMWG3RLHN;
				INFOPLIST_FILE = Configuration/source.plist;
				LD_RUNPATH_SEARCH_PATHS = (
					"$(inherited)",
					"@executable_path/Frameworks",
				);
				PRODUCT_BUNDLE_IDENTIFIER = iturbide.Pyro;
				PRODUCT_NAME = "$(TARGET_NAME)";
				SWIFT_OPTIMIZATION_LEVEL = "-Onone";
				TARGETED_DEVICE_FAMILY = "1,2";
			};
			name = Debug;
		};
		DA5DD3D920F24A2B005BBA1D /* Release */ = {
			isa = XCBuildConfiguration;
			baseConfigurationReference = A07271B43219EEA35FDD3C73 /* Pods-Pyro.release.xcconfig */;
			buildSettings = {
				CODE_SIGN_STYLE = Automatic;
				DEVELOPMENT_TEAM = 7AMWG3RLHN;
				INFOPLIST_FILE = Configuration/source.plist;
				LD_RUNPATH_SEARCH_PATHS = (
					"$(inherited)",
					"@executable_path/Frameworks",
				);
				PRODUCT_BUNDLE_IDENTIFIER = iturbide.Pyro;
				PRODUCT_NAME = "$(TARGET_NAME)";
				TARGETED_DEVICE_FAMILY = "1,2";
			};
			name = Release;
		};
		DA5DD3E620F24B79005BBA1D /* Debug */ = {
			isa = XCBuildConfiguration;
			buildSettings = {
				ALWAYS_EMBED_SWIFT_STANDARD_LIBRARIES = YES;
				BUNDLE_LOADER = "$(TEST_HOST)";
				CODE_SIGN_STYLE = Automatic;
				DEBUG_INFORMATION_FORMAT = dwarf;
				DEVELOPMENT_TEAM = 7AMWG3RLHN;
				INFOPLIST_FILE = Configuration/tests.plist;
				LD_RUNPATH_SEARCH_PATHS = (
					"$(inherited)",
					"@executable_path/Frameworks",
					"@loader_path/Frameworks",
				);
				PRODUCT_BUNDLE_IDENTIFIER = iturbide.Pyro.Tests;
				PRODUCT_NAME = "$(TARGET_NAME)";
				SWIFT_OPTIMIZATION_LEVEL = "-Onone";
				TARGETED_DEVICE_FAMILY = "1,2";
				TEST_HOST = "$(BUILT_PRODUCTS_DIR)/Pyro.app/Pyro";
			};
			name = Debug;
		};
		DA5DD3E720F24B79005BBA1D /* Release */ = {
			isa = XCBuildConfiguration;
			buildSettings = {
				ALWAYS_EMBED_SWIFT_STANDARD_LIBRARIES = YES;
				BUNDLE_LOADER = "$(TEST_HOST)";
				CODE_SIGN_STYLE = Automatic;
				DEBUG_INFORMATION_FORMAT = dwarf;
				DEVELOPMENT_TEAM = 7AMWG3RLHN;
				INFOPLIST_FILE = Configuration/tests.plist;
				LD_RUNPATH_SEARCH_PATHS = (
					"$(inherited)",
					"@executable_path/Frameworks",
					"@loader_path/Frameworks",
				);
				PRODUCT_BUNDLE_IDENTIFIER = iturbide.Pyro.Tests;
				PRODUCT_NAME = "$(TARGET_NAME)";
				TARGETED_DEVICE_FAMILY = "1,2";
				TEST_HOST = "$(BUILT_PRODUCTS_DIR)/Pyro.app/Pyro";
			};
			name = Release;
		};
/* End XCBuildConfiguration section */

/* Begin XCConfigurationList section */
		DA5DD3C020F24A2A005BBA1D /* Build configuration list for PBXProject "Pyro" */ = {
			isa = XCConfigurationList;
			buildConfigurations = (
				DA5DD3D520F24A2B005BBA1D /* Debug */,
				DA5DD3D620F24A2B005BBA1D /* Release */,
			);
			defaultConfigurationIsVisible = 0;
			defaultConfigurationName = Release;
		};
		DA5DD3D720F24A2B005BBA1D /* Build configuration list for PBXNativeTarget "Pyro" */ = {
			isa = XCConfigurationList;
			buildConfigurations = (
				DA5DD3D820F24A2B005BBA1D /* Debug */,
				DA5DD3D920F24A2B005BBA1D /* Release */,
			);
			defaultConfigurationIsVisible = 0;
			defaultConfigurationName = Release;
		};
		DA5DD3E520F24B79005BBA1D /* Build configuration list for PBXNativeTarget "Tests" */ = {
			isa = XCConfigurationList;
			buildConfigurations = (
				DA5DD3E620F24B79005BBA1D /* Debug */,
				DA5DD3E720F24B79005BBA1D /* Release */,
			);
			defaultConfigurationIsVisible = 0;
			defaultConfigurationName = Release;
		};
/* End XCConfigurationList section */
	};
	rootObject = DA5DD3BD20F24A2A005BBA1D /* Project object */;
}
